
Microsoft Visual Studio Solution File, Format Version 12.00
Project("{FAE04EC0-301F-11D3-BF4B-00C04F79EFBC}") = "SignalRChat", "SignalRChat\SignalRChat.csproj", "{05272972-3694-4A74-A8DD-9C0BA41D661E}"
EndProject
Global
	GlobalSection(SolutionConfigurationPlatforms) = preSolution
		Debug|Any CPU = Debug|Any CPU
		Release|Any CPU = Release|Any CPU
	EndGlobalSection
	GlobalSection(ProjectConfigurationPlatforms) = postSolution
		{05272972-3694-4A74-A8DD-9C0BA41D661E}.Debug|Any CPU.ActiveCfg = Debug|Any CPU
		{05272972-3694-4A74-A8DD-9C0BA41D661E}.Debug|Any CPU.Build.0 = Debug|Any CPU
		{05272972-3694-4A74-A8DD-9C0BA41D661E}.Release|Any CPU.ActiveCfg = Release|Any CPU
		{05272972-3694-4A74-A8DD-9C0BA41D661E}.Release|Any CPU.Build.0 = Release|Any CPU
	EndGlobalSection
EndGlobal
